
Microsoft Visual Studio Solution File, Format Version 12.00
# Visual Studio Version 17
VisualStudioVersion = 17.14.36202.13 d17.14
MinimumVisualStudioVersion = 10.0.40219.1
Project("{FAE04EC0-301F-11D3-BF4B-00C04F79EFBC}") = "EmployeeOperatorsApp", "EmployeeOperatorsApp\EmployeeOperatorsApp.csproj", "{19F39D79-8F33-43FD-B15C-D191DE9E9700}"
EndProject
Global
	GlobalSection(SolutionConfigurationPlatforms) = preSolution
		Debug|Any CPU = Debug|Any CPU
		Release|Any CPU = Release|Any CPU
	EndGlobalSection
	GlobalSection(ProjectConfigurationPlatforms) = postSolution
		{19F39D79-8F33-43FD-B15C-D191DE9E9700}.Debug|Any CPU.ActiveCfg = Debug|Any CPU
		{19F39D79-8F33-43FD-B15C-D191DE9E9700}.Debug|Any CPU.Build.0 = Debug|Any CPU
		{19F39D79-8F33-43FD-B15C-D191DE9E9700}.Release|Any CPU.ActiveCfg = Release|Any CPU
		{19F39D79-8F33-43FD-B15C-D191DE9E9700}.Release|Any CPU.Build.0 = Release|Any CPU
	EndGlobalSection
	GlobalSection(SolutionProperties) = preSolution
		HideSolutionNode = FALSE
	EndGlobalSection
	GlobalSection(ExtensibilityGlobals) = postSolution
		SolutionGuid = {247A4B37-0FA7-4581-9097-D1BBD64B257D}
	EndGlobalSection
EndGlobal
